
Microsoft Visual Studio Solution File, Format Version 12.00
# Visual Studio Version 17
VisualStudioVersion = 17.4.33122.133
MinimumVisualStudioVersion = 10.0.40219.1
Project("{FAE04EC0-301F-11D3-BF4B-00C04F79EFBC}") = "ImageSharingModels", "ImageSharingModels\ImageSharingModels.csproj", "{74E3EC7F-27E0-4F11-91DC-650ACAF5AB27}"
EndProject
Global
	GlobalSection(SolutionConfigurationPlatforms) = preSolution
		Debug|Any CPU = Debug|Any CPU
		Release|Any CPU = Release|Any CPU
	EndGlobalSection
	GlobalSection(ProjectConfigurationPlatforms) = postSolution
		{74E3EC7F-27E0-4F11-91DC-650ACAF5AB27}.Debug|Any CPU.ActiveCfg = Debug|Any CPU
		{74E3EC7F-27E0-4F11-91DC-650ACAF5AB27}.Debug|Any CPU.Build.0 = Debug|Any CPU
		{74E3EC7F-27E0-4F11-91DC-650ACAF5AB27}.Release|Any CPU.ActiveCfg = Release|Any CPU
		{74E3EC7F-27E0-4F11-91DC-650ACAF5AB27}.Release|Any CPU.Build.0 = Release|Any CPU
	EndGlobalSection
	GlobalSection(SolutionProperties) = preSolution
		HideSolutionNode = FALSE
	EndGlobalSection
	GlobalSection(ExtensibilityGlobals) = postSolution
		SolutionGuid = {82F47617-3AD9-475C-AD5F-BB229EC16E36}
	EndGlobalSection
EndGlobal
